
Microsoft Visual Studio Solution File, Format Version 11.00
# Visual Studio 2010
# SharpDevelop 4.3
Project("{FAE04EC0-301F-11D3-BF4B-00C04F79EFBC}") = "Unicorn.Web", "Unicorn.Web.csproj", "{12C9FAD7-31F2-45AB-B1DD-0760236EA7A0}"
EndProject
Global
	GlobalSection(SolutionConfigurationPlatforms) = preSolution
		Debug|Any CPU = Debug|Any CPU
		Release|Any CPU = Release|Any CPU
	EndGlobalSection
	GlobalSection(ProjectConfigurationPlatforms) = postSolution
		{12C9FAD7-31F2-45AB-B1DD-0760236EA7A0}.Debug|Any CPU.Build.0 = Debug|Any CPU
		{12C9FAD7-31F2-45AB-B1DD-0760236EA7A0}.Debug|Any CPU.ActiveCfg = Debug|Any CPU
		{12C9FAD7-31F2-45AB-B1DD-0760236EA7A0}.Release|Any CPU.Build.0 = Release|Any CPU
		{12C9FAD7-31F2-45AB-B1DD-0760236EA7A0}.Release|Any CPU.ActiveCfg = Release|Any CPU
	EndGlobalSection
EndGlobal
